
Microsoft Visual Studio Solution File, Format Version 12.00
# Visual Studio Version 16
VisualStudioVersion = 16.0.31624.102
MinimumVisualStudioVersion = 10.0.40219.1
Project("{9A19103F-16F7-4668-BE54-9A1E7A4F7556}") = "DockerApp001", "DockerApp001\DockerApp001.csproj", "{ACE8C4DC-F0D6-4B6A-9CDB-03B467D6C0BB}"
EndProject
Project("{2150E333-8FDC-42A3-9474-1A3956D46DE8}") = "quick", "quick", "{5475AF10-0E1E-4529-BC00-1C60BC237AEF}"
	ProjectSection(SolutionItems) = preProject
		Dockerfile = Dockerfile
	EndProjectSection
EndProject
Global
	GlobalSection(SolutionConfigurationPlatforms) = preSolution
		Debug|Any CPU = Debug|Any CPU
		Release|Any CPU = Release|Any CPU
	EndGlobalSection
	GlobalSection(ProjectConfigurationPlatforms) = postSolution
		{ACE8C4DC-F0D6-4B6A-9CDB-03B467D6C0BB}.Debug|Any CPU.ActiveCfg = Debug|Any CPU
		{ACE8C4DC-F0D6-4B6A-9CDB-03B467D6C0BB}.Debug|Any CPU.Build.0 = Debug|Any CPU
		{ACE8C4DC-F0D6-4B6A-9CDB-03B467D6C0BB}.Release|Any CPU.ActiveCfg = Release|Any CPU
		{ACE8C4DC-F0D6-4B6A-9CDB-03B467D6C0BB}.Release|Any CPU.Build.0 = Release|Any CPU
	EndGlobalSection
	GlobalSection(SolutionProperties) = preSolution
		HideSolutionNode = FALSE
	EndGlobalSection
	GlobalSection(ExtensibilityGlobals) = postSolution
		SolutionGuid = {B3F24305-20E1-4D28-9BD6-2F75A5918E92}
	EndGlobalSection
EndGlobal
